
Microsoft Visual Studio Solution File, Format Version 12.00
# Visual Studio Version 16
VisualStudioVersion = 16.0.28721.148
MinimumVisualStudioVersion = 10.0.40219.1
Project("{FAE04EC0-301F-11D3-BF4B-00C04F79EFBC}") = "DHDM", "DHDM\DHDM.csproj", "{F5FE9F83-00A9-42DA-B81E-8D64BD456029}"
EndProject
Project("{9A19103F-16F7-4668-BE54-9A1E7A4F7556}") = "DndCore", "DndCore\DndCore.csproj", "{A953618E-82D1-4837-A568-5BB75CC6BCC0}"
EndProject
Project("{FAE04EC0-301F-11D3-BF4B-00C04F79EFBC}") = "DndTests", "DndTests\DndTests.csproj", "{34C708AC-F445-4479-8B66-57CFBF67FD2C}"
EndProject
Project("{FAE04EC0-301F-11D3-BF4B-00C04F79EFBC}") = "DndUI", "DndUI\DndUI.csproj", "{82A18721-EDD9-4E9D-B875-DA216A82209C}"
EndProject
Project("{FAE04EC0-301F-11D3-BF4B-00C04F79EFBC}") = "TimeLineControl", "..\TimeLine\TimeLineControl\TimeLineControl\TimeLineControl.csproj", "{DF1E9DF3-204A-4DBF-8B8D-60CA5C0A5BC3}"
EndProject
Project("{FAE04EC0-301F-11D3-BF4B-00C04F79EFBC}") = "DndQuality", "DndQuality\DndQuality.csproj", "{82F7E2F5-2622-48BC-830C-5DCECB84EC4F}"
EndProject
Project("{FAE04EC0-301F-11D3-BF4B-00C04F79EFBC}") = "BotCoreNet", "BotCoreNet\BotCoreNet.csproj", "{7F1F032D-49C2-433B-8006-AD5B617B11EF}"
EndProject
Project("{9A19103F-16F7-4668-BE54-9A1E7A4F7556}") = "BotCore", "BotCore\BotCore.csproj", "{C0E907EB-85E4-4597-A157-93D35866F1B0}"
EndProject
Project("{9A19103F-16F7-4668-BE54-9A1E7A4F7556}") = "CodingSeb.ExpressionEvaluator", "ExpressionEngine\CodingSeb.ExpressionEvaluator\CodingSeb.ExpressionEvaluator.csproj", "{BE921B8C-FE38-4D8A-A5BD-AA6496883E4F}"
EndProject
Project("{9A19103F-16F7-4668-BE54-9A1E7A4F7556}") = "GoogleHelper", "GoogleHelper\GoogleHelper.csproj", "{25115C30-E684-4018-A8C5-F8A39697E080}"
EndProject
Project("{FAE04EC0-301F-11D3-BF4B-00C04F79EFBC}") = "LeapTools", "..\LeapMotion\LeapTools\LeapTools.csproj", "{22520EF1-8CB9-45B0-B541-1893A16114DA}"
EndProject
Project("{FAE04EC0-301F-11D3-BF4B-00C04F79EFBC}") = "CardMaker", "CardMaker\CardMaker.csproj", "{2078406F-0887-4DB6-8584-7C773D1C9199}"
EndProject
Project("{FAE04EC0-301F-11D3-BF4B-00C04F79EFBC}") = "Imaging", "Imaging\Imaging.csproj", "{A514DE46-AA88-471B-81A8-2C387DC629F7}"
EndProject
Project("{FAE04EC0-301F-11D3-BF4B-00C04F79EFBC}") = "Streamloots", "Streamloots\Streamloots.csproj", "{F7623E7A-2D21-420C-95FB-406D8D7F50CD}"
EndProject
Project("{FAE04EC0-301F-11D3-BF4B-00C04F79EFBC}") = "AvalonEdit", "AvalonEdit\AvalonEdit.csproj", "{652CB48A-BDDB-409B-A76C-D2093B5F3D17}"
EndProject
Project("{FAE04EC0-301F-11D3-BF4B-00C04F79EFBC}") = "SharedCore", "SharedCore\SharedCore.csproj", "{28556802-C1A9-41F6-A600-4EBDD0232446}"
EndProject
Project("{FAE04EC0-301F-11D3-BF4B-00C04F79EFBC}") = "TaleSpireCore", "TaleSpireCore\TaleSpireCore.csproj", "{08C85A94-9B3C-4F94-A8CD-0132C8F21AEF}"
EndProject
Global
	GlobalSection(SolutionConfigurationPlatforms) = preSolution
		Debug|Any CPU = Debug|Any CPU
		Release|Any CPU = Release|Any CPU
	EndGlobalSection
	GlobalSection(ProjectConfigurationPlatforms) = postSolution
		{F5FE9F83-00A9-42DA-B81E-8D64BD456029}.Debug|Any CPU.ActiveCfg = Debug|Any CPU
		{F5FE9F83-00A9-42DA-B81E-8D64BD456029}.Debug|Any CPU.Build.0 = Debug|Any CPU
		{F5FE9F83-00A9-42DA-B81E-8D64BD456029}.Release|Any CPU.ActiveCfg = Release|Any CPU
		{F5FE9F83-00A9-42DA-B81E-8D64BD456029}.Release|Any CPU.Build.0 = Release|Any CPU
		{A953618E-82D1-4837-A568-5BB75CC6BCC0}.Debug|Any CPU.ActiveCfg = Debug|Any CPU
		{A953618E-82D1-4837-A568-5BB75CC6BCC0}.Debug|Any CPU.Build.0 = Debug|Any CPU
		{A953618E-82D1-4837-A568-5BB75CC6BCC0}.Release|Any CPU.ActiveCfg = Release|Any CPU
		{A953618E-82D1-4837-A568-5BB75CC6BCC0}.Release|Any CPU.Build.0 = Release|Any CPU
		{34C708AC-F445-4479-8B66-57CFBF67FD2C}.Debug|Any CPU.ActiveCfg = Debug|Any CPU
		{34C708AC-F445-4479-8B66-57CFBF67FD2C}.Debug|Any CPU.Build.0 = Debug|Any CPU
		{34C708AC-F445-4479-8B66-57CFBF67FD2C}.Release|Any CPU.ActiveCfg = Release|Any CPU
		{34C708AC-F445-4479-8B66-57CFBF67FD2C}.Release|Any CPU.Build.0 = Release|Any CPU
		{82A18721-EDD9-4E9D-B875-DA216A82209C}.Debug|Any CPU.ActiveCfg = Debug|Any CPU
		{82A18721-EDD9-4E9D-B875-DA216A82209C}.Debug|Any CPU.Build.0 = Debug|Any CPU
		{82A18721-EDD9-4E9D-B875-DA216A82209C}.Release|Any CPU.ActiveCfg = Release|Any CPU
		{82A18721-EDD9-4E9D-B875-DA216A82209C}.Release|Any CPU.Build.0 = Release|Any CPU
		{DF1E9DF3-204A-4DBF-8B8D-60CA5C0A5BC3}.Debug|Any CPU.ActiveCfg = Debug|Any CPU
		{DF1E9DF3-204A-4DBF-8B8D-60CA5C0A5BC3}.Debug|Any CPU.Build.0 = Debug|Any CPU
		{DF1E9DF3-204A-4DBF-8B8D-60CA5C0A5BC3}.Release|Any CPU.ActiveCfg = Release|Any CPU
		{DF1E9DF3-204A-4DBF-8B8D-60CA5C0A5BC3}.Release|Any CPU.Build.0 = Release|Any CPU
		{82F7E2F5-2622-48BC-830C-5DCECB84EC4F}.Debug|Any CPU.ActiveCfg = Debug|Any CPU
		{82F7E2F5-2622-48BC-830C-5DCECB84EC4F}.Debug|Any CPU.Build.0 = Debug|Any CPU
		{82F7E2F5-2622-48BC-830C-5DCECB84EC4F}.Release|Any CPU.ActiveCfg = Release|Any CPU
		{82F7E2F5-2622-48BC-830C-5DCECB84EC4F}.Release|Any CPU.Build.0 = Release|Any CPU
		{7F1F032D-49C2-433B-8006-AD5B617B11EF}.Debug|Any CPU.ActiveCfg = Debug|Any CPU
		{7F1F032D-49C2-433B-8006-AD5B617B11EF}.Debug|Any CPU.Build.0 = Debug|Any CPU
		{7F1F032D-49C2-433B-8006-AD5B617B11EF}.Release|Any CPU.ActiveCfg = Release|Any CPU
		{7F1F032D-49C2-433B-8006-AD5B617B11EF}.Release|Any CPU.Build.0 = Release|Any CPU
		{C0E907EB-85E4-4597-A157-93D35866F1B0}.Debug|Any CPU.ActiveCfg = Debug|Any CPU
		{C0E907EB-85E4-4597-A157-93D35866F1B0}.Debug|Any CPU.Build.0 = Debug|Any CPU
		{C0E907EB-85E4-4597-A157-93D35866F1B0}.Release|Any CPU.ActiveCfg = Release|Any CPU
		{C0E907EB-85E4-4597-A157-93D35866F1B0}.Release|Any CPU.Build.0 = Release|Any CPU
		{BE921B8C-FE38-4D8A-A5BD-AA6496883E4F}.Debug|Any CPU.ActiveCfg = Debug|Any CPU
		{BE921B8C-FE38-4D8A-A5BD-AA6496883E4F}.Debug|Any CPU.Build.0 = Debug|Any CPU
		{BE921B8C-FE38-4D8A-A5BD-AA6496883E4F}.Release|Any CPU.ActiveCfg = Release|Any CPU
		{BE921B8C-FE38-4D8A-A5BD-AA6496883E4F}.Release|Any CPU.Build.0 = Release|Any CPU
		{25115C30-E684-4018-A8C5-F8A39697E080}.Debug|Any CPU.ActiveCfg = Debug|Any CPU
		{25115C30-E684-4018-A8C5-F8A39697E080}.Debug|Any CPU.Build.0 = Debug|Any CPU
		{25115C30-E684-4018-A8C5-F8A39697E080}.Release|Any CPU.ActiveCfg = Release|Any CPU
		{25115C30-E684-4018-A8C5-F8A39697E080}.Release|Any CPU.Build.0 = Release|Any CPU
		{22520EF1-8CB9-45B0-B541-1893A16114DA}.Debug|Any CPU.ActiveCfg = Debug|Any CPU
		{22520EF1-8CB9-45B0-B541-1893A16114DA}.Debug|Any CPU.Build.0 = Debug|Any CPU
		{22520EF1-8CB9-45B0-B541-1893A16114DA}.Release|Any CPU.ActiveCfg = Release|Any CPU
		{22520EF1-8CB9-45B0-B541-1893A16114DA}.Release|Any CPU.Build.0 = Release|Any CPU
		{2078406F-0887-4DB6-8584-7C773D1C9199}.Debug|Any CPU.ActiveCfg = Debug|Any CPU
		{2078406F-0887-4DB6-8584-7C773D1C9199}.Debug|Any CPU.Build.0 = Debug|Any CPU
		{2078406F-0887-4DB6-8584-7C773D1C9199}.Release|Any CPU.ActiveCfg = Release|Any CPU
		{2078406F-0887-4DB6-8584-7C773D1C9199}.Release|Any CPU.Build.0 = Release|Any CPU
		{A514DE46-AA88-471B-81A8-2C387DC629F7}.Debug|Any CPU.ActiveCfg = Debug|Any CPU
		{A514DE46-AA88-471B-81A8-2C387DC629F7}.Debug|Any CPU.Build.0 = Debug|Any CPU
		{A514DE46-AA88-471B-81A8-2C387DC629F7}.Release|Any CPU.ActiveCfg = Release|Any CPU
		{A514DE46-AA88-471B-81A8-2C387DC629F7}.Release|Any CPU.Build.0 = Release|Any CPU
		{F7623E7A-2D21-420C-95FB-406D8D7F50CD}.Debug|Any CPU.ActiveCfg = Debug|Any CPU
		{F7623E7A-2D21-420C-95FB-406D8D7F50CD}.Debug|Any CPU.Build.0 = Debug|Any CPU
		{F7623E7A-2D21-420C-95FB-406D8D7F50CD}.Release|Any CPU.ActiveCfg = Release|Any CPU
		{F7623E7A-2D21-420C-95FB-406D8D7F50CD}.Release|Any CPU.Build.0 = Release|Any CPU
		{652CB48A-BDDB-409B-A76C-D2093B5F3D17}.Debug|Any CPU.ActiveCfg = Debug|Any CPU
		{652CB48A-BDDB-409B-A76C-D2093B5F3D17}.Debug|Any CPU.Build.0 = Debug|Any CPU
		{652CB48A-BDDB-409B-A76C-D2093B5F3D17}.Release|Any CPU.ActiveCfg = Release|Any CPU
		{652CB48A-BDDB-409B-A76C-D2093B5F3D17}.Release|Any CPU.Build.0 = Release|Any CPU
		{28556802-C1A9-41F6-A600-4EBDD0232446}.Debug|Any CPU.ActiveCfg = Debug|Any CPU
		{28556802-C1A9-41F6-A600-4EBDD0232446}.Debug|Any CPU.Build.0 = Debug|Any CPU
		{28556802-C1A9-41F6-A600-4EBDD0232446}.Release|Any CPU.ActiveCfg = Release|Any CPU
		{28556802-C1A9-41F6-A600-4EBDD0232446}.Release|Any CPU.Build.0 = Release|Any CPU
		{08C85A94-9B3C-4F94-A8CD-0132C8F21AEF}.Debug|Any CPU.ActiveCfg = Debug|Any CPU
		{08C85A94-9B3C-4F94-A8CD-0132C8F21AEF}.Debug|Any CPU.Build.0 = Debug|Any CPU
		{08C85A94-9B3C-4F94-A8CD-0132C8F21AEF}.Release|Any CPU.ActiveCfg = Release|Any CPU
		{08C85A94-9B3C-4F94-A8CD-0132C8F21AEF}.Release|Any CPU.Build.0 = Release|Any CPU
	EndGlobalSection
	GlobalSection(SolutionProperties) = preSolution
		HideSolutionNode = FALSE
	EndGlobalSection
	GlobalSection(ExtensibilityGlobals) = postSolution
		SolutionGuid = {DF44399A-FE9C-4092-9BEF-BE9DDCFA1517}
	EndGlobalSection
EndGlobal
