
Microsoft Visual Studio Solution File, Format Version 12.00
# Visual Studio Version 16
VisualStudioVersion = 16.0.28803.452
MinimumVisualStudioVersion = 10.0.40219.1
Project("{9A19103F-16F7-4668-BE54-9A1E7A4F7556}") = "DndCore", "DndCore\DndCore.csproj", "{965FD56A-4BFF-436E-A2D5-F2CF00F22D77}"
EndProject
Project("{FAE04EC0-301F-11D3-BF4B-00C04F79EFBC}") = "DndTests", "DndTests\DndTests.csproj", "{34C708AC-F445-4479-8B66-57CFBF67FD2C}"
EndProject
Project("{FAE04EC0-301F-11D3-BF4B-00C04F79EFBC}") = "DndQuality", "DndQuality\DndQuality.csproj", "{82F7E2F5-2622-48BC-830C-5DCECB84EC4F}"
EndProject
Global
	GlobalSection(SolutionConfigurationPlatforms) = preSolution
		Debug|Any CPU = Debug|Any CPU
		Release|Any CPU = Release|Any CPU
	EndGlobalSection
	GlobalSection(ProjectConfigurationPlatforms) = postSolution
		{965FD56A-4BFF-436E-A2D5-F2CF00F22D77}.Debug|Any CPU.ActiveCfg = Debug|Any CPU
		{965FD56A-4BFF-436E-A2D5-F2CF00F22D77}.Debug|Any CPU.Build.0 = Debug|Any CPU
		{965FD56A-4BFF-436E-A2D5-F2CF00F22D77}.Release|Any CPU.ActiveCfg = Release|Any CPU
		{965FD56A-4BFF-436E-A2D5-F2CF00F22D77}.Release|Any CPU.Build.0 = Release|Any CPU
		{34C708AC-F445-4479-8B66-57CFBF67FD2C}.Debug|Any CPU.ActiveCfg = Debug|Any CPU
		{34C708AC-F445-4479-8B66-57CFBF67FD2C}.Debug|Any CPU.Build.0 = Debug|Any CPU
		{34C708AC-F445-4479-8B66-57CFBF67FD2C}.Release|Any CPU.ActiveCfg = Release|Any CPU
		{34C708AC-F445-4479-8B66-57CFBF67FD2C}.Release|Any CPU.Build.0 = Release|Any CPU
		{82F7E2F5-2622-48BC-830C-5DCECB84EC4F}.Debug|Any CPU.ActiveCfg = Debug|Any CPU
		{82F7E2F5-2622-48BC-830C-5DCECB84EC4F}.Debug|Any CPU.Build.0 = Debug|Any CPU
		{82F7E2F5-2622-48BC-830C-5DCECB84EC4F}.Release|Any CPU.ActiveCfg = Release|Any CPU
		{82F7E2F5-2622-48BC-830C-5DCECB84EC4F}.Release|Any CPU.Build.0 = Release|Any CPU
	EndGlobalSection
	GlobalSection(SolutionProperties) = preSolution
		HideSolutionNode = FALSE
	EndGlobalSection
	GlobalSection(ExtensibilityGlobals) = postSolution
		SolutionGuid = {801FE4DA-5B90-4F42-A2A0-B76B3ED375BD}
	EndGlobalSection
EndGlobal
