
Microsoft Visual Studio Solution File, Format Version 12.00
# Visual Studio Version 16
VisualStudioVersion = 16.0.28721.148
MinimumVisualStudioVersion = 10.0.40219.1
Project("{9A19103F-16F7-4668-BE54-9A1E7A4F7556}") = "OverlayManager", "OverlayManager\OverlayManager.csproj", "{59028903-47B5-4377-AEC6-30E12CD531F9}"
EndProject
Project("{9A19103F-16F7-4668-BE54-9A1E7A4F7556}") = "BotCore", "BotCore\BotCore.csproj", "{6286BC4A-3EA1-4B15-987A-8F6D18D4E835}"
EndProject
Project("{9A19103F-16F7-4668-BE54-9A1E7A4F7556}") = "MrAnnouncerBot", "MrAnnouncerBot\MrAnnouncerBot.csproj", "{37888FE4-0E89-4235-838A-FE49E8B72E8B}"
EndProject
Project("{FAE04EC0-301F-11D3-BF4B-00C04F79EFBC}") = "DHDM", "DHDM\DHDM.csproj", "{F5FE9F83-00A9-42DA-B81E-8D64BD456029}"
EndProject
Project("{9A19103F-16F7-4668-BE54-9A1E7A4F7556}") = "DndCore", "DndCore\DndCore.csproj", "{A953618E-82D1-4837-A568-5BB75CC6BCC0}"
EndProject
Project("{FAE04EC0-301F-11D3-BF4B-00C04F79EFBC}") = "DndTests", "DndTests\DndTests.csproj", "{34C708AC-F445-4479-8B66-57CFBF67FD2C}"
EndProject
Project("{FAE04EC0-301F-11D3-BF4B-00C04F79EFBC}") = "RemoteDetonator", "RemoteDetonator\RemoteDetonator.csproj", "{FDBD2C70-F975-45F9-92F8-9634DDBB1627}"
EndProject
Project("{FAE04EC0-301F-11D3-BF4B-00C04F79EFBC}") = "DndUI", "DndUI\DndUI.csproj", "{82A18721-EDD9-4E9D-B875-DA216A82209C}"
EndProject
Project("{FAE04EC0-301F-11D3-BF4B-00C04F79EFBC}") = "TimeLineControl", "..\TimeLine\TimeLineControl\TimeLineControl\TimeLineControl.csproj", "{DF1E9DF3-204A-4DBF-8B8D-60CA5C0A5BC3}"
EndProject
Global
	GlobalSection(SolutionConfigurationPlatforms) = preSolution
		Debug|Any CPU = Debug|Any CPU
		Release|Any CPU = Release|Any CPU
	EndGlobalSection
	GlobalSection(ProjectConfigurationPlatforms) = postSolution
		{59028903-47B5-4377-AEC6-30E12CD531F9}.Debug|Any CPU.ActiveCfg = Debug|Any CPU
		{59028903-47B5-4377-AEC6-30E12CD531F9}.Debug|Any CPU.Build.0 = Debug|Any CPU
		{59028903-47B5-4377-AEC6-30E12CD531F9}.Release|Any CPU.ActiveCfg = Release|Any CPU
		{59028903-47B5-4377-AEC6-30E12CD531F9}.Release|Any CPU.Build.0 = Release|Any CPU
		{6286BC4A-3EA1-4B15-987A-8F6D18D4E835}.Debug|Any CPU.ActiveCfg = Debug|Any CPU
		{6286BC4A-3EA1-4B15-987A-8F6D18D4E835}.Debug|Any CPU.Build.0 = Debug|Any CPU
		{6286BC4A-3EA1-4B15-987A-8F6D18D4E835}.Release|Any CPU.ActiveCfg = Release|Any CPU
		{6286BC4A-3EA1-4B15-987A-8F6D18D4E835}.Release|Any CPU.Build.0 = Release|Any CPU
		{37888FE4-0E89-4235-838A-FE49E8B72E8B}.Debug|Any CPU.ActiveCfg = Debug|Any CPU
		{37888FE4-0E89-4235-838A-FE49E8B72E8B}.Debug|Any CPU.Build.0 = Debug|Any CPU
		{37888FE4-0E89-4235-838A-FE49E8B72E8B}.Release|Any CPU.ActiveCfg = Release|Any CPU
		{37888FE4-0E89-4235-838A-FE49E8B72E8B}.Release|Any CPU.Build.0 = Release|Any CPU
		{F5FE9F83-00A9-42DA-B81E-8D64BD456029}.Debug|Any CPU.ActiveCfg = Debug|Any CPU
		{F5FE9F83-00A9-42DA-B81E-8D64BD456029}.Debug|Any CPU.Build.0 = Debug|Any CPU
		{F5FE9F83-00A9-42DA-B81E-8D64BD456029}.Release|Any CPU.ActiveCfg = Release|Any CPU
		{F5FE9F83-00A9-42DA-B81E-8D64BD456029}.Release|Any CPU.Build.0 = Release|Any CPU
		{A953618E-82D1-4837-A568-5BB75CC6BCC0}.Debug|Any CPU.ActiveCfg = Debug|Any CPU
		{A953618E-82D1-4837-A568-5BB75CC6BCC0}.Debug|Any CPU.Build.0 = Debug|Any CPU
		{A953618E-82D1-4837-A568-5BB75CC6BCC0}.Release|Any CPU.ActiveCfg = Release|Any CPU
		{A953618E-82D1-4837-A568-5BB75CC6BCC0}.Release|Any CPU.Build.0 = Release|Any CPU
		{34C708AC-F445-4479-8B66-57CFBF67FD2C}.Debug|Any CPU.ActiveCfg = Debug|Any CPU
		{34C708AC-F445-4479-8B66-57CFBF67FD2C}.Debug|Any CPU.Build.0 = Debug|Any CPU
		{34C708AC-F445-4479-8B66-57CFBF67FD2C}.Release|Any CPU.ActiveCfg = Release|Any CPU
		{34C708AC-F445-4479-8B66-57CFBF67FD2C}.Release|Any CPU.Build.0 = Release|Any CPU
		{FDBD2C70-F975-45F9-92F8-9634DDBB1627}.Debug|Any CPU.ActiveCfg = Debug|Any CPU
		{FDBD2C70-F975-45F9-92F8-9634DDBB1627}.Debug|Any CPU.Build.0 = Debug|Any CPU
		{FDBD2C70-F975-45F9-92F8-9634DDBB1627}.Release|Any CPU.ActiveCfg = Release|Any CPU
		{FDBD2C70-F975-45F9-92F8-9634DDBB1627}.Release|Any CPU.Build.0 = Release|Any CPU
		{82A18721-EDD9-4E9D-B875-DA216A82209C}.Debug|Any CPU.ActiveCfg = Debug|Any CPU
		{82A18721-EDD9-4E9D-B875-DA216A82209C}.Debug|Any CPU.Build.0 = Debug|Any CPU
		{82A18721-EDD9-4E9D-B875-DA216A82209C}.Release|Any CPU.ActiveCfg = Release|Any CPU
		{82A18721-EDD9-4E9D-B875-DA216A82209C}.Release|Any CPU.Build.0 = Release|Any CPU
		{DF1E9DF3-204A-4DBF-8B8D-60CA5C0A5BC3}.Debug|Any CPU.ActiveCfg = Debug|Any CPU
		{DF1E9DF3-204A-4DBF-8B8D-60CA5C0A5BC3}.Debug|Any CPU.Build.0 = Debug|Any CPU
		{DF1E9DF3-204A-4DBF-8B8D-60CA5C0A5BC3}.Release|Any CPU.ActiveCfg = Release|Any CPU
		{DF1E9DF3-204A-4DBF-8B8D-60CA5C0A5BC3}.Release|Any CPU.Build.0 = Release|Any CPU
	EndGlobalSection
	GlobalSection(SolutionProperties) = preSolution
		HideSolutionNode = FALSE
	EndGlobalSection
	GlobalSection(ExtensibilityGlobals) = postSolution
		SolutionGuid = {DF44399A-FE9C-4092-9BEF-BE9DDCFA1517}
	EndGlobalSection
EndGlobal
