
Microsoft Visual Studio Solution File, Format Version 12.00
# Visual Studio Version 16
VisualStudioVersion = 16.0.31624.102
MinimumVisualStudioVersion = 10.0.40219.1
Project("{FAE04EC0-301F-11D3-BF4B-00C04F79EFBC}") = "ObsControl", "ObsControl\ObsControl.csproj", "{80D1267F-9610-4E01-A656-A27DC0634EB6}"
EndProject
Project("{FAE04EC0-301F-11D3-BF4B-00C04F79EFBC}") = "CommonCore", "CommonCore\CommonCore.csproj", "{0BB2DC67-E76B-4BAA-8CDD-1C311351514D}"
EndProject
Global
	GlobalSection(SolutionConfigurationPlatforms) = preSolution
		Debug|Any CPU = Debug|Any CPU
		Release|Any CPU = Release|Any CPU
	EndGlobalSection
	GlobalSection(ProjectConfigurationPlatforms) = postSolution
		{80D1267F-9610-4E01-A656-A27DC0634EB6}.Debug|Any CPU.ActiveCfg = Debug|Any CPU
		{80D1267F-9610-4E01-A656-A27DC0634EB6}.Debug|Any CPU.Build.0 = Debug|Any CPU
		{80D1267F-9610-4E01-A656-A27DC0634EB6}.Release|Any CPU.ActiveCfg = Release|Any CPU
		{80D1267F-9610-4E01-A656-A27DC0634EB6}.Release|Any CPU.Build.0 = Release|Any CPU
		{0BB2DC67-E76B-4BAA-8CDD-1C311351514D}.Debug|Any CPU.ActiveCfg = Debug|Any CPU
		{0BB2DC67-E76B-4BAA-8CDD-1C311351514D}.Debug|Any CPU.Build.0 = Debug|Any CPU
		{0BB2DC67-E76B-4BAA-8CDD-1C311351514D}.Release|Any CPU.ActiveCfg = Release|Any CPU
		{0BB2DC67-E76B-4BAA-8CDD-1C311351514D}.Release|Any CPU.Build.0 = Release|Any CPU
	EndGlobalSection
	GlobalSection(SolutionProperties) = preSolution
		HideSolutionNode = FALSE
	EndGlobalSection
	GlobalSection(ExtensibilityGlobals) = postSolution
		SolutionGuid = {BAD661B5-9E94-4B75-A1DD-21CF399099EF}
	EndGlobalSection
EndGlobal
