
Microsoft Visual Studio Solution File, Format Version 12.00
# Visual Studio Version 16
VisualStudioVersion = 16.0.29306.81
MinimumVisualStudioVersion = 10.0.40219.1
Project("{FAE04EC0-301F-11D3-BF4B-00C04F79EFBC}") = "DndMapEditor", "DndMapEditor.csproj", "{7F0C6802-B4F2-4F63-A204-3725C3664EB1}"
EndProject
Project("{9A19103F-16F7-4668-BE54-9A1E7A4F7556}") = "MapTests", "..\MapTestsf\MapTests.csproj", "{DB3EA36E-276D-4A39-9979-606C556BF673}"
EndProject
Project("{FAE04EC0-301F-11D3-BF4B-00C04F79EFBC}") = "MapCore", "..\MapCore\MapCore.csproj", "{A3BDD0FE-D302-49BA-9320-DF9F4E2D2D2D}"
EndProject
Project("{FAE04EC0-301F-11D3-BF4B-00C04F79EFBC}") = "MapUI", "..\MapUI\MapUI.csproj", "{33F719A2-0A2F-4A97-B3C1-D10F3272078B}"
EndProject
Project("{FAE04EC0-301F-11D3-BF4B-00C04F79EFBC}") = "Imaging", "..\Imaging\Imaging.csproj", "{A514DE46-AA88-471B-81A8-2C387DC629F7}"
EndProject
Global
	GlobalSection(SolutionConfigurationPlatforms) = preSolution
		Debug|Any CPU = Debug|Any CPU
		Release|Any CPU = Release|Any CPU
	EndGlobalSection
	GlobalSection(ProjectConfigurationPlatforms) = postSolution
		{7F0C6802-B4F2-4F63-A204-3725C3664EB1}.Debug|Any CPU.ActiveCfg = Debug|Any CPU
		{7F0C6802-B4F2-4F63-A204-3725C3664EB1}.Debug|Any CPU.Build.0 = Debug|Any CPU
		{7F0C6802-B4F2-4F63-A204-3725C3664EB1}.Release|Any CPU.ActiveCfg = Release|Any CPU
		{7F0C6802-B4F2-4F63-A204-3725C3664EB1}.Release|Any CPU.Build.0 = Release|Any CPU
		{DB3EA36E-276D-4A39-9979-606C556BF673}.Debug|Any CPU.ActiveCfg = Debug|Any CPU
		{DB3EA36E-276D-4A39-9979-606C556BF673}.Debug|Any CPU.Build.0 = Debug|Any CPU
		{DB3EA36E-276D-4A39-9979-606C556BF673}.Release|Any CPU.ActiveCfg = Release|Any CPU
		{DB3EA36E-276D-4A39-9979-606C556BF673}.Release|Any CPU.Build.0 = Release|Any CPU
		{A3BDD0FE-D302-49BA-9320-DF9F4E2D2D2D}.Debug|Any CPU.ActiveCfg = Debug|Any CPU
		{A3BDD0FE-D302-49BA-9320-DF9F4E2D2D2D}.Debug|Any CPU.Build.0 = Debug|Any CPU
		{A3BDD0FE-D302-49BA-9320-DF9F4E2D2D2D}.Release|Any CPU.ActiveCfg = Release|Any CPU
		{A3BDD0FE-D302-49BA-9320-DF9F4E2D2D2D}.Release|Any CPU.Build.0 = Release|Any CPU
		{33F719A2-0A2F-4A97-B3C1-D10F3272078B}.Debug|Any CPU.ActiveCfg = Debug|Any CPU
		{33F719A2-0A2F-4A97-B3C1-D10F3272078B}.Debug|Any CPU.Build.0 = Debug|Any CPU
		{33F719A2-0A2F-4A97-B3C1-D10F3272078B}.Release|Any CPU.ActiveCfg = Release|Any CPU
		{33F719A2-0A2F-4A97-B3C1-D10F3272078B}.Release|Any CPU.Build.0 = Release|Any CPU
		{A514DE46-AA88-471B-81A8-2C387DC629F7}.Debug|Any CPU.ActiveCfg = Debug|Any CPU
		{A514DE46-AA88-471B-81A8-2C387DC629F7}.Debug|Any CPU.Build.0 = Debug|Any CPU
		{A514DE46-AA88-471B-81A8-2C387DC629F7}.Release|Any CPU.ActiveCfg = Release|Any CPU
		{A514DE46-AA88-471B-81A8-2C387DC629F7}.Release|Any CPU.Build.0 = Release|Any CPU
	EndGlobalSection
	GlobalSection(SolutionProperties) = preSolution
		HideSolutionNode = FALSE
	EndGlobalSection
	GlobalSection(ExtensibilityGlobals) = postSolution
		SolutionGuid = {3F97D1EF-8B5A-4601-A4AC-72C7759727C2}
	EndGlobalSection
EndGlobal
