
Microsoft Visual Studio Solution File, Format Version 12.00
# Visual Studio Version 16
VisualStudioVersion = 16.0.30503.244
MinimumVisualStudioVersion = 10.0.40219.1
Project("{FAE04EC0-301F-11D3-BF4B-00C04F79EFBC}") = "TaleSpireExplore", "TaleSpireExplore.csproj", "{425D72BF-D995-4980-8BE7-60610705AFAD}"
EndProject
Project("{FAE04EC0-301F-11D3-BF4B-00C04F79EFBC}") = "TaleSpireCore", "..\TaleSpireCore\TaleSpireCore.csproj", "{08C85A94-9B3C-4F94-A8CD-0132C8F21AEF}"
EndProject
Global
	GlobalSection(SolutionConfigurationPlatforms) = preSolution
		Debug|Any CPU = Debug|Any CPU
		Release|Any CPU = Release|Any CPU
	EndGlobalSection
	GlobalSection(ProjectConfigurationPlatforms) = postSolution
		{425D72BF-D995-4980-8BE7-60610705AFAD}.Debug|Any CPU.ActiveCfg = Debug|Any CPU
		{425D72BF-D995-4980-8BE7-60610705AFAD}.Debug|Any CPU.Build.0 = Debug|Any CPU
		{425D72BF-D995-4980-8BE7-60610705AFAD}.Release|Any CPU.ActiveCfg = Release|Any CPU
		{425D72BF-D995-4980-8BE7-60610705AFAD}.Release|Any CPU.Build.0 = Release|Any CPU
		{08C85A94-9B3C-4F94-A8CD-0132C8F21AEF}.Debug|Any CPU.ActiveCfg = Debug|Any CPU
		{08C85A94-9B3C-4F94-A8CD-0132C8F21AEF}.Debug|Any CPU.Build.0 = Debug|Any CPU
		{08C85A94-9B3C-4F94-A8CD-0132C8F21AEF}.Release|Any CPU.ActiveCfg = Release|Any CPU
		{08C85A94-9B3C-4F94-A8CD-0132C8F21AEF}.Release|Any CPU.Build.0 = Release|Any CPU
	EndGlobalSection
	GlobalSection(SolutionProperties) = preSolution
		HideSolutionNode = FALSE
	EndGlobalSection
	GlobalSection(ExtensibilityGlobals) = postSolution
		SolutionGuid = {0A08F17F-2CBC-4576-AF3E-9AA1FEB10A76}
	EndGlobalSection
EndGlobal
