
Microsoft Visual Studio Solution File, Format Version 12.00
# Visual Studio Version 16
VisualStudioVersion = 16.0.30503.244
MinimumVisualStudioVersion = 10.0.40219.1
Project("{FAE04EC0-301F-11D3-BF4B-00C04F79EFBC}") = "AvalonEdit", "AvalonEdit.csproj", "{652CB48A-BDDB-409B-A76C-D2093B5F3D17}"
EndProject
Global
	GlobalSection(SolutionConfigurationPlatforms) = preSolution
		Debug|Any CPU = Debug|Any CPU
		Release|Any CPU = Release|Any CPU
	EndGlobalSection
	GlobalSection(ProjectConfigurationPlatforms) = postSolution
		{652CB48A-BDDB-409B-A76C-D2093B5F3D17}.Debug|Any CPU.ActiveCfg = Debug|Any CPU
		{652CB48A-BDDB-409B-A76C-D2093B5F3D17}.Debug|Any CPU.Build.0 = Debug|Any CPU
		{652CB48A-BDDB-409B-A76C-D2093B5F3D17}.Release|Any CPU.ActiveCfg = Release|Any CPU
		{652CB48A-BDDB-409B-A76C-D2093B5F3D17}.Release|Any CPU.Build.0 = Release|Any CPU
	EndGlobalSection
	GlobalSection(SolutionProperties) = preSolution
		HideSolutionNode = FALSE
	EndGlobalSection
	GlobalSection(ExtensibilityGlobals) = postSolution
		SolutionGuid = {DAD55E4D-29CA-4C63-B50C-74E4CB7A29DC}
	EndGlobalSection
EndGlobal
