
Microsoft Visual Studio Solution File, Format Version 12.00
# Visual Studio 15
VisualStudioVersion = 15.0.27428.2043
MinimumVisualStudioVersion = 10.0.40219.1
Project("{FAE04EC0-301F-11D3-BF4B-00C04F79EFBC}") = "MrAnnouncerBot", "MrAnnouncerBot.csproj", "{0E8406A4-6B4E-4CD8-9B22-F6F7A6A31FE2}"
EndProject
Global
	GlobalSection(SolutionConfigurationPlatforms) = preSolution
		Debug|Any CPU = Debug|Any CPU
		Release|Any CPU = Release|Any CPU
	EndGlobalSection
	GlobalSection(ProjectConfigurationPlatforms) = postSolution
		{0E8406A4-6B4E-4CD8-9B22-F6F7A6A31FE2}.Debug|Any CPU.ActiveCfg = Debug|Any CPU
		{0E8406A4-6B4E-4CD8-9B22-F6F7A6A31FE2}.Debug|Any CPU.Build.0 = Debug|Any CPU
		{0E8406A4-6B4E-4CD8-9B22-F6F7A6A31FE2}.Release|Any CPU.ActiveCfg = Release|Any CPU
		{0E8406A4-6B4E-4CD8-9B22-F6F7A6A31FE2}.Release|Any CPU.Build.0 = Release|Any CPU
	EndGlobalSection
	GlobalSection(SolutionProperties) = preSolution
		HideSolutionNode = FALSE
	EndGlobalSection
	GlobalSection(ExtensibilityGlobals) = postSolution
		SolutionGuid = {DF44399A-FE9C-4092-9BEF-BE9DDCFA1517}
	EndGlobalSection
EndGlobal
